{
  "name": "effekseer-for-roblox",
  "version": "0.1.0",
  "lockfileVersion": 3,
  "requires": true,
  "packages": {
    "": {
      "name": "effekseer-for-roblox",
      "version": "0.1.0",
      "bin": {
        "effekseer-for-roblox": "bin/effekseer-for-roblox.js"
      },
      "devDependencies": {
        "roblox-open-cloud-sync": "https://github.com/Plumvery/rocs/archive/f10af9376cf9c648d4f6d66acf7497daca7bd2f3.tar.gz"
      },
      "engines": {
        "node": ">=18"
      }
    },
    "node_modules/roblox-open-cloud-sync": {
      "version": "0.1.2",
      "resolved": "https://github.com/Plumvery/rocs/archive/f10af9376cf9c648d4f6d66acf7497daca7bd2f3.tar.gz",
      "integrity": "sha512-6N4YmycAgeIERlj0j2Frmxiiow5rCI7Z7zGqjdb1pf/1/8xQjpuZ0szYFJL8OiGt3Im3dc4vcraTnCPswMOSFA==",
      "dev": true,
      "license": "MIT",
      "bin": {
        "rocs": "bin/rocs.js"
      },
      "engines": {
        "node": ">=18"
      }
    }
  }
}
