{
  "name": "effekseer-for-roblox",
  "version": "0.1.0",
  "lockfileVersion": 3,
  "requires": true,
  "packages": {
    "": {
      "name": "effekseer-for-roblox",
      "version": "0.1.0",
      "bin": {
        "effekseer-for-roblox": "bin/effekseer-for-roblox.js"
      },
      "devDependencies": {
        "rocas": "https://github.com/Plumvery/rocas/archive/835afe83e66c5ef2266e37899adae444dc3caac2.tar.gz"
      },
      "engines": {
        "node": ">=18"
      }
    },
    "node_modules/rocas": {
      "version": "0.1.2",
      "resolved": "https://github.com/Plumvery/rocas/archive/835afe83e66c5ef2266e37899adae444dc3caac2.tar.gz",
      "integrity": "sha512-p7H5XYO4727Rzywxw9JecjTiQAjkBGoXhUt+5i7qjAQLAvZRZnszXxaRe9XNw/UEOX5Qv2mzzVfIS+IhikmPpw==",
      "dev": true,
      "license": "MIT",
      "bin": {
        "rocas": "bin/rocas.js"
      },
      "engines": {
        "node": ">=18"
      }
    }
  }
}
